<?xml version="1.0" encoding="utf-8"?>
<Project ToolsVersion="4.0" xmlns="http://schemas.microsoft.com/developer/msbuild/2003">
  <ItemGroup>
    <Filter Include="Source Files">
      <UniqueIdentifier>{4FC737F1-C7A5-4376-A066-2A32D752A2FF}</UniqueIdentifier>
      <Extensions>cpp;c;cc;cxx;def;odl;idl;hpj;bat;asm;asmx</Extensions>
    </Filter>
    <Filter Include="Header Files">
      <UniqueIdentifier>{93995380-89BD-4b04-88EB-625FBE52EBFB}</UniqueIdentifier>
      <Extensions>h;hh;hpp;hxx;hm;inl;inc;xsd</Extensions>
    </Filter>
    <Filter Include="Resource Files">
      <UniqueIdentifier>{67DA6AB6-F800-4c08-8B7A-83BB121AAD01}</UniqueIdentifier>
      <Extensions>rc;ico;cur;bmp;dlg;rc2;rct;bin;rgs;gif;jpg;jpeg;jpe;resx;tiff;tif;png;wav;mfcribbon-ms</Extensions>
    </Filter>
    <Filter Include="Header Files\windows override">
      <UniqueIdentifier>{ba45c4dc-83b8-4fb0-9cec-e2b175fa8db4}</UniqueIdentifier>
    </Filter>
    <Filter Include="Source Files\windows override">
      <UniqueIdentifier>{4ab5055a-d124-48a7-8801-14bc9f281934}</UniqueIdentifier>
    </Filter>
  </ItemGroup>
  <ItemGroup>
    <ClCompile Include="..\..\..\..\lib\librte_eal\common\eal_common_cpuflags.c">
      <Filter>Source Files</Filter>
    </ClCompile>
    <ClCompile Include="..\..\..\..\lib\librte_eal\common\eal_common_dev.c">
      <Filter>Source Files</Filter>
    </ClCompile>
    <ClCompile Include="..\..\..\..\lib\librte_eal\common\eal_common_devargs.c">
      <Filter>Source Files</Filter>
    </ClCompile>
    <ClCompile Include="..\..\..\..\lib\librte_eal\common\eal_common_errno.c">
      <Filter>Source Files</Filter>
    </ClCompile>
    <ClCompile Include="..\..\..\..\lib\librte_eal\common\eal_common_hexdump.c">
      <Filter>Source Files</Filter>
    </ClCompile>
    <ClCompile Include="..\..\..\..\lib\librte_eal\common\eal_common_launch.c">
      <Filter>Source Files</Filter>
    </ClCompile>
    <ClCompile Include="..\..\..\..\lib\librte_eal\common\eal_common_lcore.c">
      <Filter>Source Files</Filter>
    </ClCompile>
    <ClCompile Include="..\..\..\..\lib\librte_eal\common\eal_common_memory.c">
      <Filter>Source Files</Filter>
    </ClCompile>
    <ClCompile Include="..\..\..\..\lib\librte_eal\common\eal_common_memzone.c">
      <Filter>Source Files</Filter>
    </ClCompile>
    <ClCompile Include="..\..\..\..\lib\librte_eal\common\eal_common_options.c">
      <Filter>Source Files</Filter>
    </ClCompile>
    <ClCompile Include="..\..\..\..\lib\librte_eal\common\eal_common_string_fns.c">
      <Filter>Source Files</Filter>
    </ClCompile>
    <ClCompile Include="..\..\..\..\lib\librte_eal\common\eal_common_tailqs.c">
      <Filter>Source Files</Filter>
    </ClCompile>
    <ClCompile Include="..\..\..\..\lib\librte_eal\common\eal_common_thread.c">
      <Filter>Source Files</Filter>
    </ClCompile>
    <ClCompile Include="..\..\..\..\lib\librte_eal\common\eal_common_timer.c">
      <Filter>Source Files</Filter>
    </ClCompile>
    <ClCompile Include="..\..\..\..\lib\librte_eal\common\malloc_elem.c">
      <Filter>Source Files</Filter>
    </ClCompile>
    <ClCompile Include="..\..\..\..\lib\librte_eal\common\rte_malloc.c">
      <Filter>Source Files</Filter>
    </ClCompile>
    <ClCompile Include="..\..\..\..\lib\librte_eal\windows\eal\linux-emu\_rand48.c">
      <Filter>Source Files\windows override</Filter>
    </ClCompile>
    <ClCompile Include="..\..\..\..\lib\librte_eal\windows\eal\linux-emu\getopt.c">
      <Filter>Source Files\windows override</Filter>
    </ClCompile>
    <ClCompile Include="..\..\..\..\lib\librte_eal\windows\eal\linux-emu\lrand48.c">
      <Filter>Source Files\windows override</Filter>
    </ClCompile>
    <ClCompile Include="..\..\..\..\lib\librte_eal\windows\eal\linux-emu\mman.c">
      <Filter>Source Files\windows override</Filter>
    </ClCompile>
    <ClCompile Include="..\..\..\..\lib\librte_eal\windows\eal\linux-emu\srand48.c">
      <Filter>Source Files\windows override</Filter>
    </ClCompile>
    <ClCompile Include="..\..\..\..\lib\librte_eal\windows\eal\linux-emu\unistd.c">
      <Filter>Source Files\windows override</Filter>
    </ClCompile>
    <ClCompile Include="..\..\..\..\lib\librte_eal\windows\eal\eal_debug.c">
      <Filter>Source Files\windows override</Filter>
    </ClCompile>
    <ClCompile Include="..\..\..\..\lib\librte_eal\windows\eal\eal_log.c">
      <Filter>Source Files\windows override</Filter>
    </ClCompile>
    <ClCompile Include="..\..\..\..\lib\librte_eal\windows\eal\eal_alarm.c">
      <Filter>Source Files\windows override</Filter>
    </ClCompile>
    <ClCompile Include="..\..\..\..\lib\librte_eal\windows\eal\eal_interrupts.c">
      <Filter>Source Files\windows override</Filter>
    </ClCompile>
    <ClCompile Include="..\..\..\..\lib\librte_eal\windows\eal\eal_timer.c">
      <Filter>Source Files\windows override</Filter>
    </ClCompile>
    <ClCompile Include="..\..\..\..\lib\librte_eal\windows\eal\eal_lcore.c">
      <Filter>Source Files\windows override</Filter>
    </ClCompile>
    <ClCompile Include="..\..\..\..\lib\librte_eal\windows\eal\eal.c">
      <Filter>Source Files\windows override</Filter>
    </ClCompile>
    <ClCompile Include="..\..\..\..\lib\librte_eal\windows\eal\eal_thread.c">
      <Filter>Source Files\windows override</Filter>
    </ClCompile>
    <ClCompile Include="..\..\..\..\lib\librte_eal\windows\eal\eal_memory.c">
      <Filter>Source Files\windows override</Filter>
    </ClCompile>
    <ClCompile Include="..\..\..\..\lib\librte_eal\windows\eal\eal_hugepage_info.c">
      <Filter>Source Files\windows override</Filter>
    </ClCompile>
    <ClCompile Include="..\..\..\..\lib\librte_eal\common\eal_common_bus.c">
      <Filter>Source Files</Filter>
    </ClCompile>
    <ClCompile Include="..\..\..\..\lib\librte_eal\windows\eal\linux-emu\fork.c">
      <Filter>Source Files\windows override</Filter>
    </ClCompile>
    <ClCompile Include="..\..\..\..\lib\librte_eal\windows\eal\linux-emu\setenv.c">
      <Filter>Source Files\windows override</Filter>
    </ClCompile>
    <ClCompile Include="..\..\..\..\lib\librte_eal\windows\eal\linux-emu\termios.c">
      <Filter>Source Files\windows override</Filter>
    </ClCompile>
    <ClCompile Include="..\..\..\..\lib\librte_eal\common\eal_common_hypervisor.c">
      <Filter>Source Files</Filter>
    </ClCompile>
    <ClCompile Include="..\..\..\..\lib\librte_eal\common\rte_keepalive.c">
      <Filter>Source Files</Filter>
    </ClCompile>
    <ClCompile Include="..\..\..\..\lib\librte_eal\common\rte_reciprocal.c">
      <Filter>Source Files</Filter>
    </ClCompile>
    <ClCompile Include="..\..\..\..\lib\librte_eal\common\eal_common_class.c">
      <Filter>Source Files</Filter>
    </ClCompile>
    <ClCompile Include="..\..\..\..\lib\librte_eal\windows\eal\eal_fbarray.c">
      <Filter>Source Files\windows override</Filter>
    </ClCompile>
    <ClCompile Include="..\..\..\..\lib\librte_eal\common\eal_common_memalloc.c">
      <Filter>Source Files</Filter>
    </ClCompile>
    <ClCompile Include="..\..\..\..\lib\librte_eal\windows\eal\eal_memalloc.c">
      <Filter>Source Files\windows override</Filter>
    </ClCompile>
    <ClCompile Include="..\..\..\..\lib\librte_eal\windows\eal\malloc_mp.c">
      <Filter>Source Files</Filter>
    </ClCompile>
    <ClCompile Include="..\..\..\..\lib\librte_eal\windows\eal\malloc_heap.c">
      <Filter>Source Files\windows override</Filter>
    </ClCompile>
  </ItemGroup>
  <ItemGroup>
    <ClInclude Include="..\..\..\..\lib\librte_eal\common\eal_private.h">
      <Filter>Header Files</Filter>
    </ClInclude>
    <ClInclude Include="..\..\..\..\lib\librte_eal\common\eal_thread.h">
      <Filter>Header Files</Filter>
    </ClInclude>
    <ClInclude Include="..\..\..\..\lib\librte_eal\common\eal_internal_cfg.h">
      <Filter>Header Files</Filter>
    </ClInclude>
    <ClInclude Include="..\..\..\..\lib\librte_eal\common\malloc_heap.h">
      <Filter>Header Files</Filter>
    </ClInclude>
    <ClInclude Include="..\..\..\..\lib\librte_eal\common\eal_options.h">
      <Filter>Header Files</Filter>
    </ClInclude>
    <ClInclude Include="..\..\..\..\lib\librte_eal\common\include\rte_eal.h">
      <Filter>Header Files</Filter>
    </ClInclude>
    <ClInclude Include="..\..\..\..\lib\librte_eal\common\include\rte_pci_dev_feature_defs.h">
      <Filter>Header Files</Filter>
    </ClInclude>
    <ClInclude Include="..\..\..\..\lib\librte_eal\common\include\rte_string_fns.h">
      <Filter>Header Files</Filter>
    </ClInclude>
    <ClInclude Include="..\..\..\..\lib\librte_eal\common\include\rte_pci.h">
      <Filter>Header Files</Filter>
    </ClInclude>
    <ClInclude Include="..\..\..\..\lib\librte_eal\common\include\rte_lcore.h">
      <Filter>Header Files</Filter>
    </ClInclude>
    <ClInclude Include="..\..\..\..\lib\librte_eal\common\include\rte_memory.h">
      <Filter>Header Files</Filter>
    </ClInclude>
    <ClInclude Include="..\..\..\..\lib\librte_eal\common\include\rte_per_lcore.h">
      <Filter>Header Files</Filter>
    </ClInclude>
    <ClInclude Include="..\..\..\..\lib\librte_eal\common\include\rte_launch.h">
      <Filter>Header Files</Filter>
    </ClInclude>
    <ClInclude Include="..\..\..\..\lib\librte_eal\common\include\rte_interrupts.h">
      <Filter>Header Files</Filter>
    </ClInclude>
    <ClInclude Include="..\..\..\..\lib\librte_eal\windows\include_override\rand48.h">
      <Filter>Header Files\windows override</Filter>
    </ClInclude>
    <ClInclude Include="..\..\..\..\lib\librte_eal\windows\rte_override\rte_pci.h">
      <Filter>Header Files\windows override</Filter>
    </ClInclude>
    <ClInclude Include="..\..\..\..\lib\librte_eal\windows\rte_override\rte_per_lcore.h">
      <Filter>Header Files\windows override</Filter>
    </ClInclude>
    <ClInclude Include="..\..\..\..\lib\librte_eal\windows\rte_override\rte_lcore.h">
      <Filter>Header Files\windows override</Filter>
    </ClInclude>
    <ClInclude Include="..\..\..\..\lib\librte_eal\windows\rte_override\rte_memory.h">
      <Filter>Header Files\windows override</Filter>
    </ClInclude>
    <ClInclude Include="..\..\..\..\lib\librte_eal\windows\rte_override\rte_common.h">
      <Filter>Header Files\windows override</Filter>
    </ClInclude>
    <ClInclude Include="..\..\..\..\lib\librte_eal\common\include\rte_common.h">
      <Filter>Header Files</Filter>
    </ClInclude>
    <ClInclude Include="..\..\..\..\lib\librte_eal\windows\rte_override\rte_cycles.h">
      <Filter>Header Files\windows override</Filter>
    </ClInclude>
    <ClInclude Include="..\..\..\..\lib\librte_eal\common\include\generic\rte_cycles.h">
      <Filter>Header Files</Filter>
    </ClInclude>
    <ClInclude Include="..\..\..\..\lib\librte_eal\windows\eal\eal_filesystem.h">
      <Filter>Header Files\windows override</Filter>
    </ClInclude>
    <ClInclude Include="..\..\..\..\lib\librte_eal\windows\rte_override\rte_windows.h">
      <Filter>Header Files\windows override</Filter>
    </ClInclude>
    <ClInclude Include="..\..\..\..\lib\librte_eal\windows\include_override\unistd.h">
      <Filter>Header Files\windows override</Filter>
    </ClInclude>
    <ClInclude Include="..\..\..\..\lib\librte_eal\common\include\rte_eal_memconfig.h">
      <Filter>Header Files</Filter>
    </ClInclude>
    <ClInclude Include="..\..\..\..\lib\librte_eal\common\include\rte_log.h">
      <Filter>Header Files</Filter>
    </ClInclude>
    <ClInclude Include="..\..\..\..\lib\librte_eal\common\include\rte_random.h">
      <Filter>Header Files</Filter>
    </ClInclude>
    <ClInclude Include="..\..\..\..\lib\librte_eal\windows\rte_override\rte_spinlock.h">
      <Filter>Header Files\windows override</Filter>
    </ClInclude>
    <ClInclude Include="..\..\..\..\lib\librte_eal\common\include\generic\rte_rwlock.h">
      <Filter>Header Files</Filter>
    </ClInclude>
    <ClInclude Include="..\..\..\..\lib\librte_eal\common\include\rte_malloc_heap.h">
      <Filter>Header Files</Filter>
    </ClInclude>
    <ClInclude Include="..\..\..\..\lib\librte_eal\common\include\rte_memzone.h">
      <Filter>Header Files</Filter>
    </ClInclude>
    <ClInclude Include="..\..\..\..\lib\librte_eal\common\include\rte_debug.h">
      <Filter>Header Files</Filter>
    </ClInclude>
    <ClInclude Include="..\..\..\..\lib\librte_eal\windows\rte_override\rte_debug.h">
      <Filter>Header Files\windows override</Filter>
    </ClInclude>
    <ClInclude Include="..\..\..\..\lib\librte_eal\windows\rte_override\rte_atomic.h">
      <Filter>Header Files\windows override</Filter>
    </ClInclude>
    <ClInclude Include="..\..\..\..\lib\librte_eal\windows\rte_override\rte_wincompat.h">
      <Filter>Header Files\windows override</Filter>
    </ClInclude>
    <ClInclude Include="..\..\..\..\lib\librte_eal\windows\eal\eal_pci_private.h">
      <Filter>Header Files\windows override</Filter>
    </ClInclude>
    <ClInclude Include="..\..\..\..\lib\librte_eal\common\include\rte_dev.h">
      <Filter>Header Files</Filter>
    </ClInclude>
    <ClInclude Include="..\..\..\..\lib\librte_eal\common\include\rte_bus.h">
      <Filter>Header Files</Filter>
    </ClInclude>
    <ClInclude Include="..\..\..\..\lib\librte_eal\common\include\rte_tailq.h">
      <Filter>Header Files</Filter>
    </ClInclude>
    <ClInclude Include="..\..\..\..\lib\librte_eal\common\include\rte_version.h">
      <Filter>Header Files</Filter>
    </ClInclude>
    <ClInclude Include="..\..\..\..\lib\librte_eal\common\eal_memalloc.h">
      <Filter>Header Files</Filter>
    </ClInclude>
    <ClInclude Include="..\..\..\..\lib\librte_eal\common\malloc_mp.h">
      <Filter>Header Files</Filter>
    </ClInclude>
    <ClInclude Include="..\..\..\..\lib\librte_eal\common\malloc_elem.h">
      <Filter>Header Files</Filter>
    </ClInclude>
  </ItemGroup>
</Project>