
Microsoft Visual Studio Solution File, Format Version 12.00
# Visual Studio 15
VisualStudioVersion = 15.0.27004.2006
MinimumVisualStudioVersion = 10.0.40219.1
Project("{8BC9CEB8-8B4A-11D0-8D11-00A0C91BC942}") = "librte_mempool", "librte_mempool\librte_mempool.vcxproj", "{EEDD0F26-9B2E-460E-9D8F-C3F3C0B999B7}"
	ProjectSection(ProjectDependencies) = postProject
		{60499A5F-031F-41E1-86DE-425A27AE9680} = {60499A5F-031F-41E1-86DE-425A27AE9680}
	EndProjectSection
EndProject
Project("{8BC9CEB8-8B4A-11D0-8D11-00A0C91BC942}") = "librte_ring", "librte_ring\librte_ring.vcxproj", "{0746F0FF-F42C-4ABA-BDE1-F3FD65A81DB8}"
EndProject
Project("{8BC9CEB8-8B4A-11D0-8D11-00A0C91BC942}") = "librte_hash", "librte_hash\librte_hash.vcxproj", "{32FDBB89-3F26-45BB-972A-BED470AD166B}"
EndProject
Project("{8BC9CEB8-8B4A-11D0-8D11-00A0C91BC942}") = "librte_distributor", "librte_distributor\librte_distributor.vcxproj", "{B2906C80-2E62-4ADE-9295-E4F98BE946B4}"
EndProject
Project("{8BC9CEB8-8B4A-11D0-8D11-00A0C91BC942}") = "librte_ether", "librte_ether\librte_ether.vcxproj", "{7E0025BB-72B3-4906-B0DE-4B45A1E22B0A}"
EndProject
Project("{8BC9CEB8-8B4A-11D0-8D11-00A0C91BC942}") = "librte_eal", "librte_eal\librte_eal.vcxproj", "{7380DC42-DE9A-4BA3-B153-FC0156DA20B7}"
	ProjectSection(ProjectDependencies) = postProject
		{EEDD0F26-9B2E-460E-9D8F-C3F3C0B999B7} = {EEDD0F26-9B2E-460E-9D8F-C3F3C0B999B7}
		{16411548-CE6A-4D3F-9AA7-EE20A5D4B6FE} = {16411548-CE6A-4D3F-9AA7-EE20A5D4B6FE}
		{C6145F57-70FE-485D-BF16-F0C88632B6E2} = {C6145F57-70FE-485D-BF16-F0C88632B6E2}
		{32FDBB89-3F26-45BB-972A-BED470AD166B} = {32FDBB89-3F26-45BB-972A-BED470AD166B}
		{7E0025BB-72B3-4906-B0DE-4B45A1E22B0A} = {7E0025BB-72B3-4906-B0DE-4B45A1E22B0A}
		{0746F0FF-F42C-4ABA-BDE1-F3FD65A81DB8} = {0746F0FF-F42C-4ABA-BDE1-F3FD65A81DB8}
	EndProjectSection
EndProject
Project("{8BC9CEB8-8B4A-11D0-8D11-00A0C91BC942}") = "librte_mbuf", "librte_mbuf\librte_mbuf.vcxproj", "{C6145F57-70FE-485D-BF16-F0C88632B6E2}"
EndProject
Project("{8BC9CEB8-8B4A-11D0-8D11-00A0C91BC942}") = "l2fwd", "l2fwd\l2fwd.vcxproj", "{E92C8771-D35F-4636-BE19-C6C197B1573C}"
	ProjectSection(ProjectDependencies) = postProject
		{88279B01-E662-494D-B805-83BAFDE4A246} = {88279B01-E662-494D-B805-83BAFDE4A246}
		{07671615-33E8-4B1D-8E1D-BE009D3448D3} = {07671615-33E8-4B1D-8E1D-BE009D3448D3}
		{F74A831C-CD22-4D19-BE6F-A318D0376EFA} = {F74A831C-CD22-4D19-BE6F-A318D0376EFA}
		{EEDD0F26-9B2E-460E-9D8F-C3F3C0B999B7} = {EEDD0F26-9B2E-460E-9D8F-C3F3C0B999B7}
		{7380DC42-DE9A-4BA3-B153-FC0156DA20B7} = {7380DC42-DE9A-4BA3-B153-FC0156DA20B7}
		{16411548-CE6A-4D3F-9AA7-EE20A5D4B6FE} = {16411548-CE6A-4D3F-9AA7-EE20A5D4B6FE}
		{C6145F57-70FE-485D-BF16-F0C88632B6E2} = {C6145F57-70FE-485D-BF16-F0C88632B6E2}
		{1307B35A-728B-4250-88FE-5CBFC3B2F847} = {1307B35A-728B-4250-88FE-5CBFC3B2F847}
		{60499A5F-031F-41E1-86DE-425A27AE9680} = {60499A5F-031F-41E1-86DE-425A27AE9680}
		{B2906C80-2E62-4ADE-9295-E4F98BE946B4} = {B2906C80-2E62-4ADE-9295-E4F98BE946B4}
		{32FDBB89-3F26-45BB-972A-BED470AD166B} = {32FDBB89-3F26-45BB-972A-BED470AD166B}
		{7E0025BB-72B3-4906-B0DE-4B45A1E22B0A} = {7E0025BB-72B3-4906-B0DE-4B45A1E22B0A}
		{0746F0FF-F42C-4ABA-BDE1-F3FD65A81DB8} = {0746F0FF-F42C-4ABA-BDE1-F3FD65A81DB8}
	EndProjectSection
EndProject
Project("{8BC9CEB8-8B4A-11D0-8D11-00A0C91BC942}") = "librte_pmd_i40e", "librte_pmd_i40e\librte_pmd_i40e.vcxproj", "{88279B01-E662-494D-B805-83BAFDE4A246}"
	ProjectSection(ProjectDependencies) = postProject
		{7E0025BB-72B3-4906-B0DE-4B45A1E22B0A} = {7E0025BB-72B3-4906-B0DE-4B45A1E22B0A}
	EndProjectSection
EndProject
Project("{8BC9CEB8-8B4A-11D0-8D11-00A0C91BC942}") = "librte_lpm", "librte_lpm\librte_lpm.vcxproj", "{1307B35A-728B-4250-88FE-5CBFC3B2F847}"
EndProject
Project("{8BC9CEB8-8B4A-11D0-8D11-00A0C91BC942}") = "l3fwd", "l3fwd\l3fwd.vcxproj", "{B9BB1F7A-40A3-4EC7-A888-8CAFE2C11D29}"
	ProjectSection(ProjectDependencies) = postProject
		{88279B01-E662-494D-B805-83BAFDE4A246} = {88279B01-E662-494D-B805-83BAFDE4A246}
		{07671615-33E8-4B1D-8E1D-BE009D3448D3} = {07671615-33E8-4B1D-8E1D-BE009D3448D3}
		{F74A831C-CD22-4D19-BE6F-A318D0376EFA} = {F74A831C-CD22-4D19-BE6F-A318D0376EFA}
		{EEDD0F26-9B2E-460E-9D8F-C3F3C0B999B7} = {EEDD0F26-9B2E-460E-9D8F-C3F3C0B999B7}
		{7380DC42-DE9A-4BA3-B153-FC0156DA20B7} = {7380DC42-DE9A-4BA3-B153-FC0156DA20B7}
		{16411548-CE6A-4D3F-9AA7-EE20A5D4B6FE} = {16411548-CE6A-4D3F-9AA7-EE20A5D4B6FE}
		{C6145F57-70FE-485D-BF16-F0C88632B6E2} = {C6145F57-70FE-485D-BF16-F0C88632B6E2}
		{1307B35A-728B-4250-88FE-5CBFC3B2F847} = {1307B35A-728B-4250-88FE-5CBFC3B2F847}
		{60499A5F-031F-41E1-86DE-425A27AE9680} = {60499A5F-031F-41E1-86DE-425A27AE9680}
		{B2906C80-2E62-4ADE-9295-E4F98BE946B4} = {B2906C80-2E62-4ADE-9295-E4F98BE946B4}
		{32FDBB89-3F26-45BB-972A-BED470AD166B} = {32FDBB89-3F26-45BB-972A-BED470AD166B}
		{BDCB60AC-C588-4EF8-9797-CF6D42C54A27} = {BDCB60AC-C588-4EF8-9797-CF6D42C54A27}
		{7E0025BB-72B3-4906-B0DE-4B45A1E22B0A} = {7E0025BB-72B3-4906-B0DE-4B45A1E22B0A}
		{0746F0FF-F42C-4ABA-BDE1-F3FD65A81DB8} = {0746F0FF-F42C-4ABA-BDE1-F3FD65A81DB8}
	EndProjectSection
EndProject
Project("{8BC9CEB8-8B4A-11D0-8D11-00A0C91BC942}") = "librte_cmdline", "librte_cmdline\librte_cmdline.vcxproj", "{BDCB60AC-C588-4EF8-9797-CF6D42C54A27}"
EndProject
Project("{8BC9CEB8-8B4A-11D0-8D11-00A0C91BC942}") = "librte_kvargs", "librte_kvargs\librte_kvargs.vcxproj", "{F74A831C-CD22-4D19-BE6F-A318D0376EFA}"
EndProject
Project("{8BC9CEB8-8B4A-11D0-8D11-00A0C91BC942}") = "librte_mempool_ring", "librte_mempool_ring\librte_mempool_ring.vcxproj", "{60499A5F-031F-41E1-86DE-425A27AE9680}"
EndProject
Project("{8BC9CEB8-8B4A-11D0-8D11-00A0C91BC942}") = "librte_bus_pci", "librte_bus_pci\librte_bus_pci.vcxproj", "{16411548-CE6A-4D3F-9AA7-EE20A5D4B6FE}"
	ProjectSection(ProjectDependencies) = postProject
		{07671615-33E8-4B1D-8E1D-BE009D3448D3} = {07671615-33E8-4B1D-8E1D-BE009D3448D3}
	EndProjectSection
EndProject
Project("{8BC9CEB8-8B4A-11D0-8D11-00A0C91BC942}") = "librte_pci", "librte_pci\librte_pci.vcxproj", "{07671615-33E8-4B1D-8E1D-BE009D3448D3}"
EndProject
Project("{8BC9CEB8-8B4A-11D0-8D11-00A0C91BC942}") = "librte_net", "librte_net\librte_net.vcxproj", "{AF1C7F60-6C79-42E1-ABBE-9CAF60588F1D}"
EndProject
Project("{8BC9CEB8-8B4A-11D0-8D11-00A0C91BC942}") = "librte_timer", "librte_timer\librte_timer.vcxproj", "{297DEE3C-85C5-4AAE-A348-8FF90C7E5E58}"
EndProject
Global
	GlobalSection(SolutionConfigurationPlatforms) = preSolution
		Debug|x64 = Debug|x64
		Release|x64 = Release|x64
	EndGlobalSection
	GlobalSection(ProjectConfigurationPlatforms) = postSolution
		{EEDD0F26-9B2E-460E-9D8F-C3F3C0B999B7}.Debug|x64.ActiveCfg = Debug|x64
		{EEDD0F26-9B2E-460E-9D8F-C3F3C0B999B7}.Debug|x64.Build.0 = Debug|x64
		{EEDD0F26-9B2E-460E-9D8F-C3F3C0B999B7}.Release|x64.ActiveCfg = Release|x64
		{EEDD0F26-9B2E-460E-9D8F-C3F3C0B999B7}.Release|x64.Build.0 = Release|x64
		{0746F0FF-F42C-4ABA-BDE1-F3FD65A81DB8}.Debug|x64.ActiveCfg = Debug|x64
		{0746F0FF-F42C-4ABA-BDE1-F3FD65A81DB8}.Debug|x64.Build.0 = Debug|x64
		{0746F0FF-F42C-4ABA-BDE1-F3FD65A81DB8}.Release|x64.ActiveCfg = Release|x64
		{0746F0FF-F42C-4ABA-BDE1-F3FD65A81DB8}.Release|x64.Build.0 = Release|x64
		{32FDBB89-3F26-45BB-972A-BED470AD166B}.Debug|x64.ActiveCfg = Debug|x64
		{32FDBB89-3F26-45BB-972A-BED470AD166B}.Debug|x64.Build.0 = Debug|x64
		{32FDBB89-3F26-45BB-972A-BED470AD166B}.Release|x64.ActiveCfg = Release|x64
		{32FDBB89-3F26-45BB-972A-BED470AD166B}.Release|x64.Build.0 = Release|x64
		{B2906C80-2E62-4ADE-9295-E4F98BE946B4}.Debug|x64.ActiveCfg = Debug|x64
		{B2906C80-2E62-4ADE-9295-E4F98BE946B4}.Debug|x64.Build.0 = Debug|x64
		{B2906C80-2E62-4ADE-9295-E4F98BE946B4}.Release|x64.ActiveCfg = Release|x64
		{B2906C80-2E62-4ADE-9295-E4F98BE946B4}.Release|x64.Build.0 = Release|x64
		{7E0025BB-72B3-4906-B0DE-4B45A1E22B0A}.Debug|x64.ActiveCfg = Debug|x64
		{7E0025BB-72B3-4906-B0DE-4B45A1E22B0A}.Debug|x64.Build.0 = Debug|x64
		{7E0025BB-72B3-4906-B0DE-4B45A1E22B0A}.Release|x64.ActiveCfg = Release|x64
		{7E0025BB-72B3-4906-B0DE-4B45A1E22B0A}.Release|x64.Build.0 = Release|x64
		{7380DC42-DE9A-4BA3-B153-FC0156DA20B7}.Debug|x64.ActiveCfg = Debug|x64
		{7380DC42-DE9A-4BA3-B153-FC0156DA20B7}.Debug|x64.Build.0 = Debug|x64
		{7380DC42-DE9A-4BA3-B153-FC0156DA20B7}.Release|x64.ActiveCfg = Release|x64
		{7380DC42-DE9A-4BA3-B153-FC0156DA20B7}.Release|x64.Build.0 = Release|x64
		{C6145F57-70FE-485D-BF16-F0C88632B6E2}.Debug|x64.ActiveCfg = Debug|x64
		{C6145F57-70FE-485D-BF16-F0C88632B6E2}.Debug|x64.Build.0 = Debug|x64
		{C6145F57-70FE-485D-BF16-F0C88632B6E2}.Release|x64.ActiveCfg = Release|x64
		{C6145F57-70FE-485D-BF16-F0C88632B6E2}.Release|x64.Build.0 = Release|x64
		{E92C8771-D35F-4636-BE19-C6C197B1573C}.Debug|x64.ActiveCfg = Debug|x64
		{E92C8771-D35F-4636-BE19-C6C197B1573C}.Debug|x64.Build.0 = Debug|x64
		{E92C8771-D35F-4636-BE19-C6C197B1573C}.Release|x64.ActiveCfg = Release|x64
		{88279B01-E662-494D-B805-83BAFDE4A246}.Debug|x64.ActiveCfg = Debug|x64
		{88279B01-E662-494D-B805-83BAFDE4A246}.Debug|x64.Build.0 = Debug|x64
		{88279B01-E662-494D-B805-83BAFDE4A246}.Release|x64.ActiveCfg = Release|x64
		{88279B01-E662-494D-B805-83BAFDE4A246}.Release|x64.Build.0 = Release|x64
		{1307B35A-728B-4250-88FE-5CBFC3B2F847}.Debug|x64.ActiveCfg = Debug|x64
		{1307B35A-728B-4250-88FE-5CBFC3B2F847}.Debug|x64.Build.0 = Debug|x64
		{1307B35A-728B-4250-88FE-5CBFC3B2F847}.Release|x64.ActiveCfg = Release|x64
		{1307B35A-728B-4250-88FE-5CBFC3B2F847}.Release|x64.Build.0 = Release|x64
		{B9BB1F7A-40A3-4EC7-A888-8CAFE2C11D29}.Debug|x64.ActiveCfg = Debug|x64
		{B9BB1F7A-40A3-4EC7-A888-8CAFE2C11D29}.Debug|x64.Build.0 = Debug|x64
		{B9BB1F7A-40A3-4EC7-A888-8CAFE2C11D29}.Release|x64.ActiveCfg = Release|x64
		{BDCB60AC-C588-4EF8-9797-CF6D42C54A27}.Debug|x64.ActiveCfg = Debug|x64
		{BDCB60AC-C588-4EF8-9797-CF6D42C54A27}.Debug|x64.Build.0 = Debug|x64
		{BDCB60AC-C588-4EF8-9797-CF6D42C54A27}.Release|x64.ActiveCfg = Release|x64
		{BDCB60AC-C588-4EF8-9797-CF6D42C54A27}.Release|x64.Build.0 = Release|x64
		{F74A831C-CD22-4D19-BE6F-A318D0376EFA}.Debug|x64.ActiveCfg = Debug|x64
		{F74A831C-CD22-4D19-BE6F-A318D0376EFA}.Debug|x64.Build.0 = Debug|x64
		{F74A831C-CD22-4D19-BE6F-A318D0376EFA}.Release|x64.ActiveCfg = Release|x64
		{F74A831C-CD22-4D19-BE6F-A318D0376EFA}.Release|x64.Build.0 = Release|x64
		{60499A5F-031F-41E1-86DE-425A27AE9680}.Debug|x64.ActiveCfg = Debug|x64
		{60499A5F-031F-41E1-86DE-425A27AE9680}.Debug|x64.Build.0 = Debug|x64
		{60499A5F-031F-41E1-86DE-425A27AE9680}.Release|x64.ActiveCfg = Release|x64
		{60499A5F-031F-41E1-86DE-425A27AE9680}.Release|x64.Build.0 = Release|x64
		{16411548-CE6A-4D3F-9AA7-EE20A5D4B6FE}.Debug|x64.ActiveCfg = Debug|x64
		{16411548-CE6A-4D3F-9AA7-EE20A5D4B6FE}.Debug|x64.Build.0 = Debug|x64
		{16411548-CE6A-4D3F-9AA7-EE20A5D4B6FE}.Release|x64.ActiveCfg = Release|x64
		{16411548-CE6A-4D3F-9AA7-EE20A5D4B6FE}.Release|x64.Build.0 = Release|x64
		{07671615-33E8-4B1D-8E1D-BE009D3448D3}.Debug|x64.ActiveCfg = Debug|x64
		{07671615-33E8-4B1D-8E1D-BE009D3448D3}.Debug|x64.Build.0 = Debug|x64
		{07671615-33E8-4B1D-8E1D-BE009D3448D3}.Release|x64.ActiveCfg = Release|x64
		{07671615-33E8-4B1D-8E1D-BE009D3448D3}.Release|x64.Build.0 = Release|x64
		{AF1C7F60-6C79-42E1-ABBE-9CAF60588F1D}.Debug|x64.ActiveCfg = Debug|x64
		{AF1C7F60-6C79-42E1-ABBE-9CAF60588F1D}.Debug|x64.Build.0 = Debug|x64
		{AF1C7F60-6C79-42E1-ABBE-9CAF60588F1D}.Release|x64.ActiveCfg = Release|x64
		{AF1C7F60-6C79-42E1-ABBE-9CAF60588F1D}.Release|x64.Build.0 = Release|x64
		{297DEE3C-85C5-4AAE-A348-8FF90C7E5E58}.Debug|x64.ActiveCfg = Debug|x64
		{297DEE3C-85C5-4AAE-A348-8FF90C7E5E58}.Debug|x64.Build.0 = Debug|x64
		{297DEE3C-85C5-4AAE-A348-8FF90C7E5E58}.Release|x64.ActiveCfg = Release|x64
		{297DEE3C-85C5-4AAE-A348-8FF90C7E5E58}.Release|x64.Build.0 = Release|x64
	EndGlobalSection
	GlobalSection(SolutionProperties) = preSolution
		HideSolutionNode = FALSE
	EndGlobalSection
	GlobalSection(ExtensibilityGlobals) = postSolution
		SolutionGuid = {6CB597CF-1AD9-4A06-9C23-26B0EAEA3E63}
	EndGlobalSection
EndGlobal
